
Microsoft Visual Studio Solution File, Format Version 12.00
# Visual Studio Version 16
VisualStudioVersion = 16.0.29503.13
MinimumVisualStudioVersion = 10.0.40219.1
Project("{FAE04EC0-301F-11D3-BF4B-00C04F79EFBC}") = "Net.Web.Api.Sdk", "Net.Web.Api.Sdk\Net.Web.Api.Sdk.csproj", "{8066974C-E366-4365-AC39-579D022939BE}"
EndProject
Project("{FAE04EC0-301F-11D3-BF4B-00C04F79EFBC}") = "Net.Web.Api.Sdk.Web.Examples", "Net.Web.Api.Sdk.Web.Examples\Net.Web.Api.Sdk.Web.Examples.csproj", "{1120EB9E-6A89-4321-BCAB-49809162CF45}"
EndProject
Global
	GlobalSection(SolutionConfigurationPlatforms) = preSolution
		Debug|Any CPU = Debug|Any CPU
		Release|Any CPU = Release|Any CPU
	EndGlobalSection
	GlobalSection(ProjectConfigurationPlatforms) = postSolution
		{8066974C-E366-4365-AC39-579D022939BE}.Debug|Any CPU.ActiveCfg = Debug|Any CPU
		{8066974C-E366-4365-AC39-579D022939BE}.Debug|Any CPU.Build.0 = Debug|Any CPU
		{8066974C-E366-4365-AC39-579D022939BE}.Release|Any CPU.ActiveCfg = Release|Any CPU
		{8066974C-E366-4365-AC39-579D022939BE}.Release|Any CPU.Build.0 = Release|Any CPU
		{1120EB9E-6A89-4321-BCAB-49809162CF45}.Debug|Any CPU.ActiveCfg = Debug|Any CPU
		{1120EB9E-6A89-4321-BCAB-49809162CF45}.Debug|Any CPU.Build.0 = Debug|Any CPU
		{1120EB9E-6A89-4321-BCAB-49809162CF45}.Release|Any CPU.ActiveCfg = Release|Any CPU
		{1120EB9E-6A89-4321-BCAB-49809162CF45}.Release|Any CPU.Build.0 = Release|Any CPU
	EndGlobalSection
	GlobalSection(SolutionProperties) = preSolution
		HideSolutionNode = FALSE
	EndGlobalSection
	GlobalSection(ExtensibilityGlobals) = postSolution
		SolutionGuid = {042A764F-3C20-4E84-8F70-E3022C4BE158}
	EndGlobalSection
EndGlobal
